
Microsoft Visual Studio Solution File, Format Version 12.00
# Visual Studio Version 17
VisualStudioVersion = 17.5.002.0
MinimumVisualStudioVersion = 10.0.40219.1
Project("{9A19103F-16F7-4668-BE54-9A1E7A4F7556}") = "prova-poo-ii", "prova-poo-ii.csproj", "{A89B35E6-2907-4A4C-B0C0-9F8E4768179A}"
EndProject
Global
	GlobalSection(SolutionConfigurationPlatforms) = preSolution
		Debug|Any CPU = Debug|Any CPU
		Release|Any CPU = Release|Any CPU
	EndGlobalSection
	GlobalSection(ProjectConfigurationPlatforms) = postSolution
		{A89B35E6-2907-4A4C-B0C0-9F8E4768179A}.Debug|Any CPU.ActiveCfg = Debug|Any CPU
		{A89B35E6-2907-4A4C-B0C0-9F8E4768179A}.Debug|Any CPU.Build.0 = Debug|Any CPU
		{A89B35E6-2907-4A4C-B0C0-9F8E4768179A}.Release|Any CPU.ActiveCfg = Release|Any CPU
		{A89B35E6-2907-4A4C-B0C0-9F8E4768179A}.Release|Any CPU.Build.0 = Release|Any CPU
	EndGlobalSection
	GlobalSection(SolutionProperties) = preSolution
		HideSolutionNode = FALSE
	EndGlobalSection
	GlobalSection(ExtensibilityGlobals) = postSolution
		SolutionGuid = {B979D82B-27F3-447B-A7A7-CC9B667BE420}
	EndGlobalSection
EndGlobal
